github.com/sci-fi-ai/go/client v0.0.0-20220508083544-b1c1f667b2a5 h1:Rnpwg3CUNQHFPE3eLNSad+ULTC5P6ux8vI/p+YX/FT0=
github.com/sci-fi-ai/go/client v0.0.0-20220508083544-b1c1f667b2a5/go.mod h1:jeEJG1/e7Te8l6tO12hQo9dwFMWw4EM8LrHujcove6Q=
github.com/sci-fi-ai/go/model v0.0.0-20220508083544-b1c1f667b2a5 h1:pkkOVx6NOvrckvSAY/RCBBDDPKGOUz8DqGVTraW0+j4=
github.com/sci-fi-ai/go/model v0.0.0-20220508083544-b1c1f667b2a5/go.mod h1:PzPuZnUfAyZdSKV7ohV8dCmFUq35ImCd5npRskxnCwE=
